// !$*UTF8*$!
{
	archiveVersion = 1;
	classes = {
	};
	objectVersion = 55;
	objects = {

/* Begin PBXBuildFile section */
		B635B94F28EDB3DD00622056 /* WineModel.swift in Sources */ = {isa = PBXBuildFile; fileRef = B635B94E28EDB3DD00622056 /* WineModel.swift */; };
		B635B95528EE1D7100622056 /* ETInt.swift in Sources */ = {isa = PBXBuildFile; fileRef = B635B95428EE1D7100622056 /* ETInt.swift */; };
		B654561128F0B49F00961619 /* UIColor_Extension.swift in Sources */ = {isa = PBXBuildFile; fileRef = B654561028F0B49F00961619 /* UIColor_Extension.swift */; };
		B654561528F0BAE500961619 /* DetailWineViewController.swift in Sources */ = {isa = PBXBuildFile; fileRef = B654561428F0BAE500961619 /* DetailWineViewController.swift */; };
		B654561928F0BB0400961619 /* DetailWineInfoView.swift in Sources */ = {isa = PBXBuildFile; fileRef = B654561828F0BB0400961619 /* DetailWineInfoView.swift */; };
		B654561B28F0BB0F00961619 /* CustomView.swift in Sources */ = {isa = PBXBuildFile; fileRef = B654561A28F0BB0F00961619 /* CustomView.swift */; };
		B654561D28F0BB2100961619 /* CustomLabel.swift in Sources */ = {isa = PBXBuildFile; fileRef = B654561C28F0BB2100961619 /* CustomLabel.swift */; };
		B654562128F0BC5F00961619 /* PoorStory-Regular.ttf in Resources */ = {isa = PBXBuildFile; fileRef = B654561E28F0BC5F00961619 /* PoorStory-Regular.ttf */; };
		B654562228F0BC5F00961619 /* GowunBatang-Regular.ttf in Resources */ = {isa = PBXBuildFile; fileRef = B654561F28F0BC5F00961619 /* GowunBatang-Regular.ttf */; };
		B654562328F0BC5F00961619 /* GowunBatang-Bold.ttf in Resources */ = {isa = PBXBuildFile; fileRef = B654562028F0BC5F00961619 /* GowunBatang-Bold.ttf */; };
		B654562728F0C25000961619 /* SortCustomCell.swift in Sources */ = {isa = PBXBuildFile; fileRef = B654562628F0C25000961619 /* SortCustomCell.swift */; };
		B654562928F0C26500961619 /* WineListCell.swift in Sources */ = {isa = PBXBuildFile; fileRef = B654562828F0C26500961619 /* WineListCell.swift */; };
		B654562B28F15AA300961619 /* EditWineInfomationVC.swift in Sources */ = {isa = PBXBuildFile; fileRef = B654562A28F15AA300961619 /* EditWineInfomationVC.swift */; };
		B67E7BF22906C437009EEFBE /* IntroduceVC.swift in Sources */ = {isa = PBXBuildFile; fileRef = B67E7BF12906C437009EEFBE /* IntroduceVC.swift */; };
		B67E7BF42906C68A009EEFBE /* CustomTapGesture.swift in Sources */ = {isa = PBXBuildFile; fileRef = B67E7BF32906C68A009EEFBE /* CustomTapGesture.swift */; };
		B67E7BF62906E5BA009EEFBE /* FirstIntroVC.swift in Sources */ = {isa = PBXBuildFile; fileRef = B67E7BF52906E5BA009EEFBE /* FirstIntroVC.swift */; };
		B6857C4028F488A200696101 /* Extension_UIButton.swift in Sources */ = {isa = PBXBuildFile; fileRef = B6857C3F28F488A200696101 /* Extension_UIButton.swift */; };
		B6C1694428EAC20300BE77F8 /* AppDelegate.swift in Sources */ = {isa = PBXBuildFile; fileRef = B6C1694328EAC20300BE77F8 /* AppDelegate.swift */; };
		B6C1694828EAC20300BE77F8 /* MyWineListVC.swift in Sources */ = {isa = PBXBuildFile; fileRef = B6C1694728EAC20300BE77F8 /* MyWineListVC.swift */; };
		B6C1694D28EAC20400BE77F8 /* Assets.xcassets in Resources */ = {isa = PBXBuildFile; fileRef = B6C1694C28EAC20400BE77F8 /* Assets.xcassets */; };
		B6C1695028EAC20400BE77F8 /* LaunchScreen.storyboard in Resources */ = {isa = PBXBuildFile; fileRef = B6C1694E28EAC20400BE77F8 /* LaunchScreen.storyboard */; };
		B6C1695828EAC50900BE77F8 /* AddWineCategoryVC.swift in Sources */ = {isa = PBXBuildFile; fileRef = B6C1695728EAC50900BE77F8 /* AddWineCategoryVC.swift */; };
		B6C1695C28EAC64500BE77F8 /* Singleton.swift in Sources */ = {isa = PBXBuildFile; fileRef = B6C1695B28EAC64500BE77F8 /* Singleton.swift */; };
		B6DB776128ECA6EE00777CB8 /* AddWineInformationVC.swift in Sources */ = {isa = PBXBuildFile; fileRef = B6DB776028ECA6EE00777CB8 /* AddWineInformationVC.swift */; };
/* End PBXBuildFile section */

/* Begin PBXFileReference section */
		B635B94E28EDB3DD00622056 /* WineModel.swift */ = {isa = PBXFileReference; lastKnownFileType = sourcecode.swift; path = WineModel.swift; sourceTree = "<group>"; };
		B635B95428EE1D7100622056 /* ETInt.swift */ = {isa = PBXFileReference; lastKnownFileType = sourcecode.swift; path = ETInt.swift; sourceTree = "<group>"; };
		B654561028F0B49F00961619 /* UIColor_Extension.swift */ = {isa = PBXFileReference; lastKnownFileType = sourcecode.swift; path = UIColor_Extension.swift; sourceTree = "<group>"; };
		B654561428F0BAE500961619 /* DetailWineViewController.swift */ = {isa = PBXFileReference; lastKnownFileType = sourcecode.swift; path = DetailWineViewController.swift; sourceTree = "<group>"; };
		B654561828F0BB0400961619 /* DetailWineInfoView.swift */ = {isa = PBXFileReference; lastKnownFileType = sourcecode.swift; path = DetailWineInfoView.swift; sourceTree = "<group>"; };
		B654561A28F0BB0F00961619 /* CustomView.swift */ = {isa = PBXFileReference; lastKnownFileType = sourcecode.swift; path = CustomView.swift; sourceTree = "<group>"; };
		B654561C28F0BB2100961619 /* CustomLabel.swift */ = {isa = PBXFileReference; lastKnownFileType = sourcecode.swift; path = CustomLabel.swift; sourceTree = "<group>"; };
		B654561E28F0BC5F00961619 /* PoorStory-Regular.ttf */ = {isa = PBXFileReference; lastKnownFileType = file; path = "PoorStory-Regular.ttf"; sourceTree = "<group>"; };
		B654561F28F0BC5F00961619 /* GowunBatang-Regular.ttf */ = {isa = PBXFileReference; lastKnownFileType = file; path = "GowunBatang-Regular.ttf"; sourceTree = "<group>"; };
		B654562028F0BC5F00961619 /* GowunBatang-Bold.ttf */ = {isa = PBXFileReference; lastKnownFileType = file; path = "GowunBatang-Bold.ttf"; sourceTree = "<group>"; };
		B654562628F0C25000961619 /* SortCustomCell.swift */ = {isa = PBXFileReference; lastKnownFileType = sourcecode.swift; path = SortCustomCell.swift; sourceTree = "<group>"; };
		B654562828F0C26500961619 /* WineListCell.swift */ = {isa = PBXFileReference; lastKnownFileType = sourcecode.swift; path = WineListCell.swift; sourceTree = "<group>"; };
		B654562A28F15AA300961619 /* EditWineInfomationVC.swift */ = {isa = PBXFileReference; lastKnownFileType = sourcecode.swift; path = EditWineInfomationVC.swift; sourceTree = "<group>"; };
		B67E7BF12906C437009EEFBE /* IntroduceVC.swift */ = {isa = PBXFileReference; lastKnownFileType = sourcecode.swift; path = IntroduceVC.swift; sourceTree = "<group>"; };
		B67E7BF32906C68A009EEFBE /* CustomTapGesture.swift */ = {isa = PBXFileReference; lastKnownFileType = sourcecode.swift; path = CustomTapGesture.swift; sourceTree = "<group>"; };
		B67E7BF52906E5BA009EEFBE /* FirstIntroVC.swift */ = {isa = PBXFileReference; lastKnownFileType = sourcecode.swift; path = FirstIntroVC.swift; sourceTree = "<group>"; };
		B6857C3F28F488A200696101 /* Extension_UIButton.swift */ = {isa = PBXFileReference; lastKnownFileType = sourcecode.swift; path = Extension_UIButton.swift; sourceTree = "<group>"; };
		B6C1694028EAC20300BE77F8 /* WineLog.app */ = {isa = PBXFileReference; explicitFileType = wrapper.application; includeInIndex = 0; path = WineLog.app; sourceTree = BUILT_PRODUCTS_DIR; };
		B6C1694328EAC20300BE77F8 /* AppDelegate.swift */ = {isa = PBXFileReference; lastKnownFileType = sourcecode.swift; path = AppDelegate.swift; sourceTree = "<group>"; };
		B6C1694728EAC20300BE77F8 /* MyWineListVC.swift */ = {isa = PBXFileReference; lastKnownFileType = sourcecode.swift; path = MyWineListVC.swift; sourceTree = "<group>"; };
		B6C1694C28EAC20400BE77F8 /* Assets.xcassets */ = {isa = PBXFileReference; lastKnownFileType = folder.assetcatalog; path = Assets.xcassets; sourceTree = "<group>"; };
		B6C1694F28EAC20400BE77F8 /* Base */ = {isa = PBXFileReference; lastKnownFileType = file.storyboard; name = Base; path = Base.lproj/LaunchScreen.storyboard; sourceTree = "<group>"; };
		B6C1695128EAC20400BE77F8 /* Info.plist */ = {isa = PBXFileReference; lastKnownFileType = text.plist.xml; path = Info.plist; sourceTree = "<group>"; };
		B6C1695728EAC50900BE77F8 /* AddWineCategoryVC.swift */ = {isa = PBXFileReference; lastKnownFileType = sourcecode.swift; path = AddWineCategoryVC.swift; sourceTree = "<group>"; };
		B6C1695B28EAC64500BE77F8 /* Singleton.swift */ = {isa = PBXFileReference; lastKnownFileType = sourcecode.swift; path = Singleton.swift; sourceTree = "<group>"; };
		B6DB776028ECA6EE00777CB8 /* AddWineInformationVC.swift */ = {isa = PBXFileReference; lastKnownFileType = sourcecode.swift; path = AddWineInformationVC.swift; sourceTree = "<group>"; };
/* End PBXFileReference section */

/* Begin PBXFrameworksBuildPhase section */
		B6C1693D28EAC20300BE77F8 /* Frameworks */ = {
			isa = PBXFrameworksBuildPhase;
			buildActionMask = 2147483647;
			files = (
			);
			runOnlyForDeploymentPostprocessing = 0;
		};
/* End PBXFrameworksBuildPhase section */

/* Begin PBXGroup section */
		B635B95028EDB3FB00622056 /* Model */ = {
			isa = PBXGroup;
			children = (
				B635B94E28EDB3DD00622056 /* WineModel.swift */,
			);
			name = Model;
			sourceTree = "<group>";
		};
		B635B95128EE05B300622056 /* Extension */ = {
			isa = PBXGroup;
			children = (
				B635B95428EE1D7100622056 /* ETInt.swift */,
				B654561028F0B49F00961619 /* UIColor_Extension.swift */,
				B6857C3F28F488A200696101 /* Extension_UIButton.swift */,
				B67E7BF32906C68A009EEFBE /* CustomTapGesture.swift */,
			);
			name = Extension;
			sourceTree = "<group>";
		};
		B654561328F0B54400961619 /* DetailWineView */ = {
			isa = PBXGroup;
			children = (
				B654561428F0BAE500961619 /* DetailWineViewController.swift */,
				B654561828F0BB0400961619 /* DetailWineInfoView.swift */,
				B654561A28F0BB0F00961619 /* CustomView.swift */,
				B654561C28F0BB2100961619 /* CustomLabel.swift */,
			);
			name = DetailWineView;
			sourceTree = "<group>";
		};
		B654562428F0BC7100961619 /* Group-ttf */ = {
			isa = PBXGroup;
			children = (
				B654562028F0BC5F00961619 /* GowunBatang-Bold.ttf */,
				B654561F28F0BC5F00961619 /* GowunBatang-Regular.ttf */,
				B654561E28F0BC5F00961619 /* PoorStory-Regular.ttf */,
			);
			name = "Group-ttf";
			sourceTree = "<group>";
		};
		B654562528F0C22600961619 /* Custom Cell */ = {
			isa = PBXGroup;
			children = (
				B654562628F0C25000961619 /* SortCustomCell.swift */,
				B654562828F0C26500961619 /* WineListCell.swift */,
			);
			name = "Custom Cell";
			sourceTree = "<group>";
		};
		B654562C28F15AA900961619 /* Edit */ = {
			isa = PBXGroup;
			children = (
				B654562A28F15AA300961619 /* EditWineInfomationVC.swift */,
			);
			name = Edit;
			sourceTree = "<group>";
		};
		B6857C3E28F45B0200696101 /* Unused */ = {
			isa = PBXGroup;
			children = (
				B67E7BF12906C437009EEFBE /* IntroduceVC.swift */,
				B6DB776228ECA6F600777CB8 /* AddWineInformationVC */,
			);
			name = Unused;
			sourceTree = "<group>";
		};
		B6C1693728EAC20300BE77F8 = {
			isa = PBXGroup;
			children = (
				B6C1694228EAC20300BE77F8 /* WineLog */,
				B6C1694128EAC20300BE77F8 /* Products */,
			);
			sourceTree = "<group>";
		};
		B6C1694128EAC20300BE77F8 /* Products */ = {
			isa = PBXGroup;
			children = (
				B6C1694028EAC20300BE77F8 /* WineLog.app */,
			);
			name = Products;
			sourceTree = "<group>";
		};
		B6C1694228EAC20300BE77F8 /* WineLog */ = {
			isa = PBXGroup;
			children = (
				B6C1695128EAC20400BE77F8 /* Info.plist */,
				B6C1694C28EAC20400BE77F8 /* Assets.xcassets */,
				B6C1694E28EAC20400BE77F8 /* LaunchScreen.storyboard */,
				B6C1694328EAC20300BE77F8 /* AppDelegate.swift */,
				B6C1695B28EAC64500BE77F8 /* Singleton.swift */,
				B6C1695A28EAC59700BE77F8 /* AddWineCategoryVC */,
				B654562C28F15AA900961619 /* Edit */,
				B6C1695928EAC58000BE77F8 /* MyWineListVC */,
				B654561328F0B54400961619 /* DetailWineView */,
				B635B95028EDB3FB00622056 /* Model */,
				B635B95128EE05B300622056 /* Extension */,
				B654562428F0BC7100961619 /* Group-ttf */,
				B6857C3E28F45B0200696101 /* Unused */,
			);
			path = WineLog;
			sourceTree = "<group>";
		};
		B6C1695928EAC58000BE77F8 /* MyWineListVC */ = {
			isa = PBXGroup;
			children = (
				B6C1694728EAC20300BE77F8 /* MyWineListVC.swift */,
				B654562528F0C22600961619 /* Custom Cell */,
			);
			name = MyWineListVC;
			sourceTree = "<group>";
		};
		B6C1695A28EAC59700BE77F8 /* AddWineCategoryVC */ = {
			isa = PBXGroup;
			children = (
				B6C1695728EAC50900BE77F8 /* AddWineCategoryVC.swift */,
				B67E7BF52906E5BA009EEFBE /* FirstIntroVC.swift */,
			);
			name = AddWineCategoryVC;
			sourceTree = "<group>";
		};
		B6DB776228ECA6F600777CB8 /* AddWineInformationVC */ = {
			isa = PBXGroup;
			children = (
				B6DB776028ECA6EE00777CB8 /* AddWineInformationVC.swift */,
			);
			name = AddWineInformationVC;
			sourceTree = "<group>";
		};
/* End PBXGroup section */

/* Begin PBXNativeTarget section */
		B6C1693F28EAC20300BE77F8 /* WineLog */ = {
			isa = PBXNativeTarget;
			buildConfigurationList = B6C1695428EAC20400BE77F8 /* Build configuration list for PBXNativeTarget "WineLog" */;
			buildPhases = (
				B6C1693C28EAC20300BE77F8 /* Sources */,
				B6C1693D28EAC20300BE77F8 /* Frameworks */,
				B6C1693E28EAC20300BE77F8 /* Resources */,
			);
			buildRules = (
			);
			dependencies = (
			);
			name = WineLog;
			productName = WineLog;
			productReference = B6C1694028EAC20300BE77F8 /* WineLog.app */;
			productType = "com.apple.product-type.application";
		};
/* End PBXNativeTarget section */

/* Begin PBXProject section */
		B6C1693828EAC20300BE77F8 /* Project object */ = {
			isa = PBXProject;
			attributes = {
				BuildIndependentTargetsInParallel = 1;
				LastSwiftUpdateCheck = 1320;
				LastUpgradeCheck = 1320;
				TargetAttributes = {
					B6C1693F28EAC20300BE77F8 = {
						CreatedOnToolsVersion = 13.2.1;
					};
				};
			};
			buildConfigurationList = B6C1693B28EAC20300BE77F8 /* Build configuration list for PBXProject "WineLog" */;
			compatibilityVersion = "Xcode 13.0";
			developmentRegion = en;
			hasScannedForEncodings = 0;
			knownRegions = (
				en,
				Base,
			);
			mainGroup = B6C1693728EAC20300BE77F8;
			productRefGroup = B6C1694128EAC20300BE77F8 /* Products */;
			projectDirPath = "";
			projectRoot = "";
			targets = (
				B6C1693F28EAC20300BE77F8 /* WineLog */,
			);
		};
/* End PBXProject section */

/* Begin PBXResourcesBuildPhase section */
		B6C1693E28EAC20300BE77F8 /* Resources */ = {
			isa = PBXResourcesBuildPhase;
			buildActionMask = 2147483647;
			files = (
				B6C1695028EAC20400BE77F8 /* LaunchScreen.storyboard in Resources */,
				B654562128F0BC5F00961619 /* PoorStory-Regular.ttf in Resources */,
				B6C1694D28EAC20400BE77F8 /* Assets.xcassets in Resources */,
				B654562228F0BC5F00961619 /* GowunBatang-Regular.ttf in Resources */,
				B654562328F0BC5F00961619 /* GowunBatang-Bold.ttf in Resources */,
			);
			runOnlyForDeploymentPostprocessing = 0;
		};
/* End PBXResourcesBuildPhase section */

/* Begin PBXSourcesBuildPhase section */
		B6C1693C28EAC20300BE77F8 /* Sources */ = {
			isa = PBXSourcesBuildPhase;
			buildActionMask = 2147483647;
			files = (
				B6C1695828EAC50900BE77F8 /* AddWineCategoryVC.swift in Sources */,
				B654561D28F0BB2100961619 /* CustomLabel.swift in Sources */,
				B67E7BF22906C437009EEFBE /* IntroduceVC.swift in Sources */,
				B654562728F0C25000961619 /* SortCustomCell.swift in Sources */,
				B654561928F0BB0400961619 /* DetailWineInfoView.swift in Sources */,
				B6857C4028F488A200696101 /* Extension_UIButton.swift in Sources */,
				B654561B28F0BB0F00961619 /* CustomView.swift in Sources */,
				B6C1695C28EAC64500BE77F8 /* Singleton.swift in Sources */,
				B635B95528EE1D7100622056 /* ETInt.swift in Sources */,
				B6C1694828EAC20300BE77F8 /* MyWineListVC.swift in Sources */,
				B67E7BF62906E5BA009EEFBE /* FirstIntroVC.swift in Sources */,
				B67E7BF42906C68A009EEFBE /* CustomTapGesture.swift in Sources */,
				B654561528F0BAE500961619 /* DetailWineViewController.swift in Sources */,
				B6DB776128ECA6EE00777CB8 /* AddWineInformationVC.swift in Sources */,
				B654562B28F15AA300961619 /* EditWineInfomationVC.swift in Sources */,
				B635B94F28EDB3DD00622056 /* WineModel.swift in Sources */,
				B6C1694428EAC20300BE77F8 /* AppDelegate.swift in Sources */,
				B654561128F0B49F00961619 /* UIColor_Extension.swift in Sources */,
				B654562928F0C26500961619 /* WineListCell.swift in Sources */,
			);
			runOnlyForDeploymentPostprocessing = 0;
		};
/* End PBXSourcesBuildPhase section */

/* Begin PBXVariantGroup section */
		B6C1694E28EAC20400BE77F8 /* LaunchScreen.storyboard */ = {
			isa = PBXVariantGroup;
			children = (
				B6C1694F28EAC20400BE77F8 /* Base */,
			);
			name = LaunchScreen.storyboard;
			sourceTree = "<group>";
		};
/* End PBXVariantGroup section */

/* Begin XCBuildConfiguration section */
		B6C1695228EAC20400BE77F8 /* Debug */ = {
			isa = XCBuildConfiguration;
			buildSettings = {
				ALWAYS_SEARCH_USER_PATHS = NO;
				CLANG_ANALYZER_NONNULL = YES;
				CLANG_ANALYZER_NUMBER_OBJECT_CONVERSION = YES_AGGRESSIVE;
				CLANG_CXX_LANGUAGE_STANDARD = "gnu++17";
				CLANG_CXX_LIBRARY = "libc++";
				CLANG_ENABLE_MODULES = YES;
				CLANG_ENABLE_OBJC_ARC = YES;
				CLANG_ENABLE_OBJC_WEAK = YES;
				CLANG_WARN_BLOCK_CAPTURE_AUTORELEASING = YES;
				CLANG_WARN_BOOL_CONVERSION = YES;
				CLANG_WARN_COMMA = YES;
				CLANG_WARN_CONSTANT_CONVERSION = YES;
				CLANG_WARN_DEPRECATED_OBJC_IMPLEMENTATIONS = YES;
				CLANG_WARN_DIRECT_OBJC_ISA_USAGE = YES_ERROR;
				CLANG_WARN_DOCUMENTATION_COMMENTS = YES;
				CLANG_WARN_EMPTY_BODY = YES;
				CLANG_WARN_ENUM_CONVERSION = YES;
				CLANG_WARN_INFINITE_RECURSION = YES;
				CLANG_WARN_INT_CONVERSION = YES;
				CLANG_WARN_NON_LITERAL_NULL_CONVERSION = YES;
				CLANG_WARN_OBJC_IMPLICIT_RETAIN_SELF = YES;
				CLANG_WARN_OBJC_LITERAL_CONVERSION = YES;
				CLANG_WARN_OBJC_ROOT_CLASS = YES_ERROR;
				CLANG_WARN_QUOTED_INCLUDE_IN_FRAMEWORK_HEADER = YES;
				CLANG_WARN_RANGE_LOOP_ANALYSIS = YES;
				CLANG_WARN_STRICT_PROTOTYPES = YES;
				CLANG_WARN_SUSPICIOUS_MOVE = YES;
				CLANG_WARN_UNGUARDED_AVAILABILITY = YES_AGGRESSIVE;
				CLANG_WARN_UNREACHABLE_CODE = YES;
				CLANG_WARN__DUPLICATE_METHOD_MATCH = YES;
				COPY_PHASE_STRIP = NO;
				DEBUG_INFORMATION_FORMAT = dwarf;
				ENABLE_STRICT_OBJC_MSGSEND = YES;
				ENABLE_TESTABILITY = YES;
				GCC_C_LANGUAGE_STANDARD = gnu11;
				GCC_DYNAMIC_NO_PIC = NO;
				GCC_NO_COMMON_BLOCKS = YES;
				GCC_OPTIMIZATION_LEVEL = 0;
				GCC_PREPROCESSOR_DEFINITIONS = (
					"DEBUG=1",
					"$(inherited)",
				);
				GCC_WARN_64_TO_32_BIT_CONVERSION = YES;
				GCC_WARN_ABOUT_RETURN_TYPE = YES_ERROR;
				GCC_WARN_UNDECLARED_SELECTOR = YES;
				GCC_WARN_UNINITIALIZED_AUTOS = YES_AGGRESSIVE;
				GCC_WARN_UNUSED_FUNCTION = YES;
				GCC_WARN_UNUSED_VARIABLE = YES;
				IPHONEOS_DEPLOYMENT_TARGET = 15.2;
				MTL_ENABLE_DEBUG_INFO = INCLUDE_SOURCE;
				MTL_FAST_MATH = YES;
				ONLY_ACTIVE_ARCH = YES;
				SDKROOT = iphoneos;
				SWIFT_ACTIVE_COMPILATION_CONDITIONS = DEBUG;
				SWIFT_OPTIMIZATION_LEVEL = "-Onone";
			};
			name = Debug;
		};
		B6C1695328EAC20400BE77F8 /* Release */ = {
			isa = XCBuildConfiguration;
			buildSettings = {
				ALWAYS_SEARCH_USER_PATHS = NO;
				CLANG_ANALYZER_NONNULL = YES;
				CLANG_ANALYZER_NUMBER_OBJECT_CONVERSION = YES_AGGRESSIVE;
				CLANG_CXX_LANGUAGE_STANDARD = "gnu++17";
				CLANG_CXX_LIBRARY = "libc++";
				CLANG_ENABLE_MODULES = YES;
				CLANG_ENABLE_OBJC_ARC = YES;
				CLANG_ENABLE_OBJC_WEAK = YES;
				CLANG_WARN_BLOCK_CAPTURE_AUTORELEASING = YES;
				CLANG_WARN_BOOL_CONVERSION = YES;
				CLANG_WARN_COMMA = YES;
				CLANG_WARN_CONSTANT_CONVERSION = YES;
				CLANG_WARN_DEPRECATED_OBJC_IMPLEMENTATIONS = YES;
				CLANG_WARN_DIRECT_OBJC_ISA_USAGE = YES_ERROR;
				CLANG_WARN_DOCUMENTATION_COMMENTS = YES;
				CLANG_WARN_EMPTY_BODY = YES;
				CLANG_WARN_ENUM_CONVERSION = YES;
				CLANG_WARN_INFINITE_RECURSION = YES;
				CLANG_WARN_INT_CONVERSION = YES;
				CLANG_WARN_NON_LITERAL_NULL_CONVERSION = YES;
				CLANG_WARN_OBJC_IMPLICIT_RETAIN_SELF = YES;
				CLANG_WARN_OBJC_LITERAL_CONVERSION = YES;
				CLANG_WARN_OBJC_ROOT_CLASS = YES_ERROR;
				CLANG_WARN_QUOTED_INCLUDE_IN_FRAMEWORK_HEADER = YES;
				CLANG_WARN_RANGE_LOOP_ANALYSIS = YES;
				CLANG_WARN_STRICT_PROTOTYPES = YES;
				CLANG_WARN_SUSPICIOUS_MOVE = YES;
				CLANG_WARN_UNGUARDED_AVAILABILITY = YES_AGGRESSIVE;
				CLANG_WARN_UNREACHABLE_CODE = YES;
				CLANG_WARN__DUPLICATE_METHOD_MATCH = YES;
				COPY_PHASE_STRIP = NO;
				DEBUG_INFORMATION_FORMAT = "dwarf-with-dsym";
				ENABLE_NS_ASSERTIONS = NO;
				ENABLE_STRICT_OBJC_MSGSEND = YES;
				GCC_C_LANGUAGE_STANDARD = gnu11;
				GCC_NO_COMMON_BLOCKS = YES;
				GCC_WARN_64_TO_32_BIT_CONVERSION = YES;
				GCC_WARN_ABOUT_RETURN_TYPE = YES_ERROR;
				GCC_WARN_UNDECLARED_SELECTOR = YES;
				GCC_WARN_UNINITIALIZED_AUTOS = YES_AGGRESSIVE;
				GCC_WARN_UNUSED_FUNCTION = YES;
				GCC_WARN_UNUSED_VARIABLE = YES;
				IPHONEOS_DEPLOYMENT_TARGET = 15.2;
				MTL_ENABLE_DEBUG_INFO = NO;
				MTL_FAST_MATH = YES;
				SDKROOT = iphoneos;
				SWIFT_COMPILATION_MODE = wholemodule;
				SWIFT_OPTIMIZATION_LEVEL = "-O";
				VALIDATE_PRODUCT = YES;
			};
			name = Release;
		};
		B6C1695528EAC20400BE77F8 /* Debug */ = {
			isa = XCBuildConfiguration;
			buildSettings = {
				ASSETCATALOG_COMPILER_APPICON_NAME = AppIcon;
				ASSETCATALOG_COMPILER_GLOBAL_ACCENT_COLOR_NAME = AccentColor;
				"CODE_SIGN_IDENTITY[sdk=iphoneos*]" = "iPhone Developer";
				CODE_SIGN_STYLE = Manual;
				CURRENT_PROJECT_VERSION = 1;
				DEVELOPMENT_TEAM = "";
				"DEVELOPMENT_TEAM[sdk=iphoneos*]" = D7U8755H3M;
				GENERATE_INFOPLIST_FILE = YES;
				INFOPLIST_FILE = WineLog/Info.plist;
				INFOPLIST_KEY_LSApplicationCategoryType = "public.app-category.food-and-drink";
				INFOPLIST_KEY_NSCameraUsageDescription = "Please allow access to select a photo";
				INFOPLIST_KEY_NSPhotoLibraryAddUsageDescription = "Please allow access to select a photo";
				INFOPLIST_KEY_UIApplicationSupportsIndirectInputEvents = YES;
				INFOPLIST_KEY_UILaunchStoryboardName = LaunchScreen;
				INFOPLIST_KEY_UISupportedInterfaceOrientations = UIInterfaceOrientationPortrait;
				INFOPLIST_KEY_UISupportedInterfaceOrientations_iPad = "UIInterfaceOrientationLandscapeLeft UIInterfaceOrientationLandscapeRight UIInterfaceOrientationPortrait UIInterfaceOrientationPortraitUpsideDown";
				INFOPLIST_KEY_UIUserInterfaceStyle = Light;
				LD_RUNPATH_SEARCH_PATHS = (
					"$(inherited)",
					"@executable_path/Frameworks",
				);
				MARKETING_VERSION = 1.0;
				PRODUCT_BUNDLE_IDENTIFIER = team.2832.WineLog;
				PRODUCT_NAME = "$(TARGET_NAME)";
				PROVISIONING_PROFILE_SPECIFIER = "";
				"PROVISIONING_PROFILE_SPECIFIER[sdk=iphoneos*]" = team2832_Dev_WineLog;
				SUPPORTED_PLATFORMS = "iphoneos iphonesimulator";
				SUPPORTS_MACCATALYST = NO;
				SUPPORTS_MAC_DESIGNED_FOR_IPHONE_IPAD = NO;
				SWIFT_EMIT_LOC_STRINGS = YES;
				SWIFT_VERSION = 5.0;
				TARGETED_DEVICE_FAMILY = 1;
			};
			name = Debug;
		};
		B6C1695628EAC20400BE77F8 /* Release */ = {
			isa = XCBuildConfiguration;
			buildSettings = {
				ASSETCATALOG_COMPILER_APPICON_NAME = AppIcon;
				ASSETCATALOG_COMPILER_GLOBAL_ACCENT_COLOR_NAME = AccentColor;
				"CODE_SIGN_IDENTITY[sdk=iphoneos*]" = "iPhone Distribution";
				CODE_SIGN_STYLE = Manual;
				CURRENT_PROJECT_VERSION = 1;
				DEVELOPMENT_TEAM = "";
				"DEVELOPMENT_TEAM[sdk=iphoneos*]" = D7U8755H3M;
				GENERATE_INFOPLIST_FILE = YES;
				INFOPLIST_FILE = WineLog/Info.plist;
				INFOPLIST_KEY_LSApplicationCategoryType = "public.app-category.food-and-drink";
				INFOPLIST_KEY_NSCameraUsageDescription = "Please allow access to select a photo";
				INFOPLIST_KEY_NSPhotoLibraryAddUsageDescription = "Please allow access to select a photo";
				INFOPLIST_KEY_UIApplicationSupportsIndirectInputEvents = YES;
				INFOPLIST_KEY_UILaunchStoryboardName = LaunchScreen;
				INFOPLIST_KEY_UISupportedInterfaceOrientations = UIInterfaceOrientationPortrait;
				INFOPLIST_KEY_UISupportedInterfaceOrientations_iPad = "UIInterfaceOrientationLandscapeLeft UIInterfaceOrientationLandscapeRight UIInterfaceOrientationPortrait UIInterfaceOrientationPortraitUpsideDown";
				INFOPLIST_KEY_UIUserInterfaceStyle = Light;
				LD_RUNPATH_SEARCH_PATHS = (
					"$(inherited)",
					"@executable_path/Frameworks",
				);
				MARKETING_VERSION = 1.0;
				PRODUCT_BUNDLE_IDENTIFIER = team.2832.WineLog;
				PRODUCT_NAME = "$(TARGET_NAME)";
				PROVISIONING_PROFILE_SPECIFIER = "";
				"PROVISIONING_PROFILE_SPECIFIER[sdk=iphoneos*]" = team2832_Distribution_WineLog;
				SUPPORTED_PLATFORMS = "iphoneos iphonesimulator";
				SUPPORTS_MACCATALYST = NO;
				SUPPORTS_MAC_DESIGNED_FOR_IPHONE_IPAD = NO;
				SWIFT_EMIT_LOC_STRINGS = YES;
				SWIFT_VERSION = 5.0;
				TARGETED_DEVICE_FAMILY = 1;
			};
			name = Release;
		};
/* End XCBuildConfiguration section */

/* Begin XCConfigurationList section */
		B6C1693B28EAC20300BE77F8 /* Build configuration list for PBXProject "WineLog" */ = {
			isa = XCConfigurationList;
			buildConfigurations = (
				B6C1695228EAC20400BE77F8 /* Debug */,
				B6C1695328EAC20400BE77F8 /* Release */,
			);
			defaultConfigurationIsVisible = 0;
			defaultConfigurationName = Release;
		};
		B6C1695428EAC20400BE77F8 /* Build configuration list for PBXNativeTarget "WineLog" */ = {
			isa = XCConfigurationList;
			buildConfigurations = (
				B6C1695528EAC20400BE77F8 /* Debug */,
				B6C1695628EAC20400BE77F8 /* Release */,
			);
			defaultConfigurationIsVisible = 0;
			defaultConfigurationName = Release;
		};
/* End XCConfigurationList section */
	};
	rootObject = B6C1693828EAC20300BE77F8 /* Project object */;
}
